
Microsoft Visual Studio Solution File, Format Version 12.00
# Visual Studio Version 17
VisualStudioVersion = 17.14.36511.14
MinimumVisualStudioVersion = 10.0.40219.1
Project("{FAE04EC0-301F-11D3-BF4B-00C04F79EFBC}") = "NewsApp.API", "NewsApp.API\NewsApp.API.csproj", "{6CD4335D-0D2E-446E-BAB5-AE2615CC7DFE}"
EndProject
Project("{FAE04EC0-301F-11D3-BF4B-00C04F79EFBC}") = "NewsApp.UI", "NewsApp.UI\NewsApp.UI.csproj", "{F6314056-FADE-434C-B6FD-585F15045BAF}"
EndProject
Global
	GlobalSection(SolutionConfigurationPlatforms) = preSolution
		Debug|Any CPU = Debug|Any CPU
		Release|Any CPU = Release|Any CPU
	EndGlobalSection
	GlobalSection(ProjectConfigurationPlatforms) = postSolution
		{6CD4335D-0D2E-446E-BAB5-AE2615CC7DFE}.Debug|Any CPU.ActiveCfg = Debug|Any CPU
		{6CD4335D-0D2E-446E-BAB5-AE2615CC7DFE}.Debug|Any CPU.Build.0 = Debug|Any CPU
		{6CD4335D-0D2E-446E-BAB5-AE2615CC7DFE}.Release|Any CPU.ActiveCfg = Release|Any CPU
		{6CD4335D-0D2E-446E-BAB5-AE2615CC7DFE}.Release|Any CPU.Build.0 = Release|Any CPU
		{F6314056-FADE-434C-B6FD-585F15045BAF}.Debug|Any CPU.ActiveCfg = Debug|Any CPU
		{F6314056-FADE-434C-B6FD-585F15045BAF}.Debug|Any CPU.Build.0 = Debug|Any CPU
		{F6314056-FADE-434C-B6FD-585F15045BAF}.Release|Any CPU.ActiveCfg = Release|Any CPU
		{F6314056-FADE-434C-B6FD-585F15045BAF}.Release|Any CPU.Build.0 = Release|Any CPU
	EndGlobalSection
	GlobalSection(SolutionProperties) = preSolution
		HideSolutionNode = FALSE
	EndGlobalSection
	GlobalSection(ExtensibilityGlobals) = postSolution
		SolutionGuid = {550AD363-C09E-4527-A4AD-FC824877459C}
	EndGlobalSection
EndGlobal
